
Microsoft Visual Studio Solution File, Format Version 12.00
# Visual Studio Version 17
VisualStudioVersion = 17.14.36511.14
MinimumVisualStudioVersion = 10.0.40219.1
Project("{FAE04EC0-301F-11D3-BF4B-00C04F79EFBC}") = "CBTSWE2_TP02", "CBTSWE2_TP02.csproj", "{0BBA89F6-DDAD-4815-8530-7ECBDD6E4DEB}"
EndProject
Global
	GlobalSection(SolutionConfigurationPlatforms) = preSolution
		Debug|Any CPU = Debug|Any CPU
		Release|Any CPU = Release|Any CPU
	EndGlobalSection
	GlobalSection(ProjectConfigurationPlatforms) = postSolution
		{0BBA89F6-DDAD-4815-8530-7ECBDD6E4DEB}.Debug|Any CPU.ActiveCfg = Debug|Any CPU
		{0BBA89F6-DDAD-4815-8530-7ECBDD6E4DEB}.Debug|Any CPU.Build.0 = Debug|Any CPU
		{0BBA89F6-DDAD-4815-8530-7ECBDD6E4DEB}.Release|Any CPU.ActiveCfg = Release|Any CPU
		{0BBA89F6-DDAD-4815-8530-7ECBDD6E4DEB}.Release|Any CPU.Build.0 = Release|Any CPU
	EndGlobalSection
	GlobalSection(SolutionProperties) = preSolution
		HideSolutionNode = FALSE
	EndGlobalSection
	GlobalSection(ExtensibilityGlobals) = postSolution
		SolutionGuid = {C00AC370-9613-4B09-85E1-ED47B3019862}
	EndGlobalSection
EndGlobal
